
Microsoft Visual Studio Solution File, Format Version 12.00
# Visual Studio 15
VisualStudioVersion = 15.0.27004.2009
MinimumVisualStudioVersion = 10.0.40219.1
Project("{FAE04EC0-301F-11D3-BF4B-00C04F79EFBC}") = "HhtDemo", "HhtDemo\HhtDemo.csproj", "{AFFC40EB-5E91-4E53-98DF-0064268EF033}"
EndProject
Project("{FAE04EC0-301F-11D3-BF4B-00C04F79EFBC}") = "HilbertHuangTransform", "HilbertHuangTransform\HilbertHuangTransform.csproj", "{953AD8C0-B4B2-43CE-A13B-C9D0F4E6040C}"
EndProject
Global
	GlobalSection(SolutionConfigurationPlatforms) = preSolution
		Debug|Any CPU = Debug|Any CPU
		Release|Any CPU = Release|Any CPU
	EndGlobalSection
	GlobalSection(ProjectConfigurationPlatforms) = postSolution
		{AFFC40EB-5E91-4E53-98DF-0064268EF033}.Debug|Any CPU.ActiveCfg = Debug|Any CPU
		{AFFC40EB-5E91-4E53-98DF-0064268EF033}.Debug|Any CPU.Build.0 = Debug|Any CPU
		{AFFC40EB-5E91-4E53-98DF-0064268EF033}.Release|Any CPU.ActiveCfg = Release|Any CPU
		{AFFC40EB-5E91-4E53-98DF-0064268EF033}.Release|Any CPU.Build.0 = Release|Any CPU
		{953AD8C0-B4B2-43CE-A13B-C9D0F4E6040C}.Debug|Any CPU.ActiveCfg = Debug|Any CPU
		{953AD8C0-B4B2-43CE-A13B-C9D0F4E6040C}.Debug|Any CPU.Build.0 = Debug|Any CPU
		{953AD8C0-B4B2-43CE-A13B-C9D0F4E6040C}.Release|Any CPU.ActiveCfg = Release|Any CPU
		{953AD8C0-B4B2-43CE-A13B-C9D0F4E6040C}.Release|Any CPU.Build.0 = Release|Any CPU
	EndGlobalSection
	GlobalSection(SolutionProperties) = preSolution
		HideSolutionNode = FALSE
	EndGlobalSection
	GlobalSection(ExtensibilityGlobals) = postSolution
		SolutionGuid = {155AFD50-B1CD-43E6-9D69-31F78AF922A3}
	EndGlobalSection
EndGlobal
